
Microsoft Visual Studio Solution File, Format Version 12.00
# Visual Studio Version 16
VisualStudioVersion = 16.0.33529.622
MinimumVisualStudioVersion = 10.0.40219.1
Project("{FAE04EC0-301F-11D3-BF4B-00C04F79EFBC}") = "YGN.Management", "YGN.Management\YGN.Management.csproj", "{2B32C446-BA54-42B9-B57C-66BBF35F6BC6}"
EndProject
Project("{2150E333-8FDC-42A3-9474-1A3956D46DE8}") = "YGN.Management.UI", "YGN.Management.UI", "{96283319-8D38-4182-870D-482E44B2E631}"
EndProject
Project("{2150E333-8FDC-42A3-9474-1A3956D46DE8}") = "Entity", "Entity", "{FCA6B8F7-2CB5-4E3D-B168-66964D77BEA1}"
EndProject
Project("{FAE04EC0-301F-11D3-BF4B-00C04F79EFBC}") = "Entities", "Entities\Entities.csproj", "{569CB811-4E29-41D5-BAD9-F60E0F1CE6C3}"
EndProject
Project("{2150E333-8FDC-42A3-9474-1A3956D46DE8}") = "Commons", "Commons", "{62214495-BE6C-4A8C-833D-E7C957DD06B3}"
EndProject
Project("{FAE04EC0-301F-11D3-BF4B-00C04F79EFBC}") = "Commons", "Commons\Commons.csproj", "{6E2BEED2-F036-4715-A7A7-5CCD03760404}"
EndProject
Project("{2150E333-8FDC-42A3-9474-1A3956D46DE8}") = "YGN.Management.Clr", "YGN.Management.Clr", "{BF6ACC51-23ED-44DF-9F64-42A67646105C}"
EndProject
Project("{00D1A9C2-B5F0-4AF3-8072-F6C62B433612}") = "YGN.Management.Clr", "YGN.Management.Clr\YGN.Management.Clr.sqlproj", "{EBC0B44A-5210-4D0A-876F-8FCDCF725BC6}"
	ProjectSection(ProjectDependencies) = postProject
		{708C3AC0-A5A1-4E65-9E20-B2150FE59E66} = {708C3AC0-A5A1-4E65-9E20-B2150FE59E66}
	EndProjectSection
EndProject
Project("{2150E333-8FDC-42A3-9474-1A3956D46DE8}") = "YGN.BusinessLayer", "YGN.BusinessLayer", "{59620EE1-595B-4BB0-BCC9-345BA4522B4B}"
EndProject
Project("{FAE04EC0-301F-11D3-BF4B-00C04F79EFBC}") = "YGN.BusinessLayer", "YGN.BusinessLayer\YGN.BusinessLayer.csproj", "{AA14FF8D-1A33-47E0-AB0F-611288661D60}"
	ProjectSection(ProjectDependencies) = postProject
		{708C3AC0-A5A1-4E65-9E20-B2150FE59E66} = {708C3AC0-A5A1-4E65-9E20-B2150FE59E66}
	EndProjectSection
EndProject
Project("{2150E333-8FDC-42A3-9474-1A3956D46DE8}") = "YGN.DataAccessLayer", "YGN.DataAccessLayer", "{D7B6AC2A-2DD5-495A-993D-8180801745C0}"
EndProject
Project("{FAE04EC0-301F-11D3-BF4B-00C04F79EFBC}") = "YGN.DataAccesLayer", "YGN.DataAccesLayer\YGN.DataAccesLayer.csproj", "{708C3AC0-A5A1-4E65-9E20-B2150FE59E66}"
	ProjectSection(ProjectDependencies) = postProject
		{569CB811-4E29-41D5-BAD9-F60E0F1CE6C3} = {569CB811-4E29-41D5-BAD9-F60E0F1CE6C3}
	EndProjectSection
EndProject
Project("{2150E333-8FDC-42A3-9474-1A3956D46DE8}") = "YGN.CoreLayer", "YGN.CoreLayer", "{6B74B73B-3D5A-490E-8170-7472D21ACD11}"
EndProject
Project("{FAE04EC0-301F-11D3-BF4B-00C04F79EFBC}") = "CoreLayer", "CoreLayer\CoreLayer.csproj", "{3EC13A85-0303-4417-973E-4D4A5BABADEE}"
EndProject
Global
	GlobalSection(SolutionConfigurationPlatforms) = preSolution
		Debug|Any CPU = Debug|Any CPU
		Release|Any CPU = Release|Any CPU
	EndGlobalSection
	GlobalSection(ProjectConfigurationPlatforms) = postSolution
		{2B32C446-BA54-42B9-B57C-66BBF35F6BC6}.Debug|Any CPU.ActiveCfg = Debug|Any CPU
		{2B32C446-BA54-42B9-B57C-66BBF35F6BC6}.Debug|Any CPU.Build.0 = Debug|Any CPU
		{2B32C446-BA54-42B9-B57C-66BBF35F6BC6}.Release|Any CPU.ActiveCfg = Release|Any CPU
		{2B32C446-BA54-42B9-B57C-66BBF35F6BC6}.Release|Any CPU.Build.0 = Release|Any CPU
		{569CB811-4E29-41D5-BAD9-F60E0F1CE6C3}.Debug|Any CPU.ActiveCfg = Debug|Any CPU
		{569CB811-4E29-41D5-BAD9-F60E0F1CE6C3}.Debug|Any CPU.Build.0 = Debug|Any CPU
		{569CB811-4E29-41D5-BAD9-F60E0F1CE6C3}.Release|Any CPU.ActiveCfg = Release|Any CPU
		{569CB811-4E29-41D5-BAD9-F60E0F1CE6C3}.Release|Any CPU.Build.0 = Release|Any CPU
		{6E2BEED2-F036-4715-A7A7-5CCD03760404}.Debug|Any CPU.ActiveCfg = Debug|Any CPU
		{6E2BEED2-F036-4715-A7A7-5CCD03760404}.Debug|Any CPU.Build.0 = Debug|Any CPU
		{6E2BEED2-F036-4715-A7A7-5CCD03760404}.Release|Any CPU.ActiveCfg = Release|Any CPU
		{6E2BEED2-F036-4715-A7A7-5CCD03760404}.Release|Any CPU.Build.0 = Release|Any CPU
		{EBC0B44A-5210-4D0A-876F-8FCDCF725BC6}.Debug|Any CPU.ActiveCfg = Debug|Any CPU
		{EBC0B44A-5210-4D0A-876F-8FCDCF725BC6}.Debug|Any CPU.Build.0 = Debug|Any CPU
		{EBC0B44A-5210-4D0A-876F-8FCDCF725BC6}.Debug|Any CPU.Deploy.0 = Debug|Any CPU
		{EBC0B44A-5210-4D0A-876F-8FCDCF725BC6}.Release|Any CPU.ActiveCfg = Release|Any CPU
		{EBC0B44A-5210-4D0A-876F-8FCDCF725BC6}.Release|Any CPU.Build.0 = Release|Any CPU
		{EBC0B44A-5210-4D0A-876F-8FCDCF725BC6}.Release|Any CPU.Deploy.0 = Release|Any CPU
		{AA14FF8D-1A33-47E0-AB0F-611288661D60}.Debug|Any CPU.ActiveCfg = Debug|Any CPU
		{AA14FF8D-1A33-47E0-AB0F-611288661D60}.Debug|Any CPU.Build.0 = Debug|Any CPU
		{AA14FF8D-1A33-47E0-AB0F-611288661D60}.Release|Any CPU.ActiveCfg = Release|Any CPU
		{AA14FF8D-1A33-47E0-AB0F-611288661D60}.Release|Any CPU.Build.0 = Release|Any CPU
		{708C3AC0-A5A1-4E65-9E20-B2150FE59E66}.Debug|Any CPU.ActiveCfg = Debug|Any CPU
		{708C3AC0-A5A1-4E65-9E20-B2150FE59E66}.Debug|Any CPU.Build.0 = Debug|Any CPU
		{708C3AC0-A5A1-4E65-9E20-B2150FE59E66}.Release|Any CPU.ActiveCfg = Release|Any CPU
		{708C3AC0-A5A1-4E65-9E20-B2150FE59E66}.Release|Any CPU.Build.0 = Release|Any CPU
		{3EC13A85-0303-4417-973E-4D4A5BABADEE}.Debug|Any CPU.ActiveCfg = Debug|Any CPU
		{3EC13A85-0303-4417-973E-4D4A5BABADEE}.Debug|Any CPU.Build.0 = Debug|Any CPU
		{3EC13A85-0303-4417-973E-4D4A5BABADEE}.Release|Any CPU.ActiveCfg = Release|Any CPU
		{3EC13A85-0303-4417-973E-4D4A5BABADEE}.Release|Any CPU.Build.0 = Release|Any CPU
	EndGlobalSection
	GlobalSection(SolutionProperties) = preSolution
		HideSolutionNode = FALSE
	EndGlobalSection
	GlobalSection(NestedProjects) = preSolution
		{2B32C446-BA54-42B9-B57C-66BBF35F6BC6} = {96283319-8D38-4182-870D-482E44B2E631}
		{569CB811-4E29-41D5-BAD9-F60E0F1CE6C3} = {FCA6B8F7-2CB5-4E3D-B168-66964D77BEA1}
		{6E2BEED2-F036-4715-A7A7-5CCD03760404} = {62214495-BE6C-4A8C-833D-E7C957DD06B3}
		{EBC0B44A-5210-4D0A-876F-8FCDCF725BC6} = {BF6ACC51-23ED-44DF-9F64-42A67646105C}
		{AA14FF8D-1A33-47E0-AB0F-611288661D60} = {59620EE1-595B-4BB0-BCC9-345BA4522B4B}
		{708C3AC0-A5A1-4E65-9E20-B2150FE59E66} = {D7B6AC2A-2DD5-495A-993D-8180801745C0}
		{3EC13A85-0303-4417-973E-4D4A5BABADEE} = {6B74B73B-3D5A-490E-8170-7472D21ACD11}
	EndGlobalSection
	GlobalSection(ExtensibilityGlobals) = postSolution
		SolutionGuid = {C1FFCD1E-A689-4546-AC7C-91848C5C28FB}
	EndGlobalSection
EndGlobal
